
Microsoft Visual Studio Solution File, Format Version 12.00
# Visual Studio Version 16
VisualStudioVersion = 16.0.31624.102
MinimumVisualStudioVersion = 10.0.40219.1
Project("{9A19103F-16F7-4668-BE54-9A1E7A4F7556}") = "Optical View", "Optical View\Optical View.csproj", "{FDE8FEEC-15D0-4FE8-A8AF-B41A23059A0B}"
EndProject
Project("{9A19103F-16F7-4668-BE54-9A1E7A4F7556}") = "OpticalCore", "OpticalCore\OpticalCore.csproj", "{93D48C4A-C7D4-4CF7-922C-87CC1BC6C888}"
EndProject
Project("{2150E333-8FDC-42A3-9474-1A3956D46DE8}") = "中间件拓展", "中间件拓展", "{F035A3F3-6C86-4E82-9D87-9A73ADE8AF2B}"
EndProject
Project("{9A19103F-16F7-4668-BE54-9A1E7A4F7556}") = "InterFace", "InterFace\InterFace.csproj", "{C2BDC1F4-F58D-4BE1-A480-023C326835B4}"
EndProject
Project("{9A19103F-16F7-4668-BE54-9A1E7A4F7556}") = "AccessDemo", "AccessDemo\AccessDemo.csproj", "{C9D91B5E-1488-401F-978C-0AD23297AA6B}"
EndProject
Project("{9A19103F-16F7-4668-BE54-9A1E7A4F7556}") = "OpticalServer", "OpticalServer\OpticalServer.csproj", "{C670BD7E-4CBC-4885-A473-627DA64D40C3}"
EndProject
Project("{9A19103F-16F7-4668-BE54-9A1E7A4F7556}") = "GIS  Folder", "GIS  Folder\GIS  Folder.csproj", "{7075A31C-9C00-46E8-A642-8F67E7E8C308}"
EndProject
Project("{9A19103F-16F7-4668-BE54-9A1E7A4F7556}") = "Optical View Installer", "Optical View Installer\Optical View Installer.csproj", "{D4FBA503-C0FB-4340-B058-2E182653BD7D}"
EndProject
Project("{2150E333-8FDC-42A3-9474-1A3956D46DE8}") = "Obj2Gltf", "Obj2Gltf", "{5708790C-08F1-44A9-A9EC-14EF4D53829F}"
EndProject
Project("{9A19103F-16F7-4668-BE54-9A1E7A4F7556}") = "Obj23dTiles", "Obj2Gltf\src\Obj23dTiles\Obj23dTiles.csproj", "{B9D85505-2E44-471A-A02E-860AA76D25E6}"
EndProject
Project("{9A19103F-16F7-4668-BE54-9A1E7A4F7556}") = "Obj2Gltf", "Obj2Gltf\src\Obj2Gltf\Obj2Gltf.csproj", "{9F1E54F6-E703-4870-AFCF-E805FA0E0A30}"
EndProject
Global
	GlobalSection(SolutionConfigurationPlatforms) = preSolution
		Debug|Any CPU = Debug|Any CPU
		Debug|x64 = Debug|x64
		Release|Any CPU = Release|Any CPU
		Release|x64 = Release|x64
	EndGlobalSection
	GlobalSection(ProjectConfigurationPlatforms) = postSolution
		{FDE8FEEC-15D0-4FE8-A8AF-B41A23059A0B}.Debug|Any CPU.ActiveCfg = Debug|Any CPU
		{FDE8FEEC-15D0-4FE8-A8AF-B41A23059A0B}.Debug|Any CPU.Build.0 = Debug|Any CPU
		{FDE8FEEC-15D0-4FE8-A8AF-B41A23059A0B}.Debug|x64.ActiveCfg = Debug|x64
		{FDE8FEEC-15D0-4FE8-A8AF-B41A23059A0B}.Debug|x64.Build.0 = Debug|x64
		{FDE8FEEC-15D0-4FE8-A8AF-B41A23059A0B}.Release|Any CPU.ActiveCfg = Release|Any CPU
		{FDE8FEEC-15D0-4FE8-A8AF-B41A23059A0B}.Release|Any CPU.Build.0 = Release|Any CPU
		{FDE8FEEC-15D0-4FE8-A8AF-B41A23059A0B}.Release|x64.ActiveCfg = Release|x64
		{FDE8FEEC-15D0-4FE8-A8AF-B41A23059A0B}.Release|x64.Build.0 = Release|x64
		{93D48C4A-C7D4-4CF7-922C-87CC1BC6C888}.Debug|Any CPU.ActiveCfg = Debug|Any CPU
		{93D48C4A-C7D4-4CF7-922C-87CC1BC6C888}.Debug|Any CPU.Build.0 = Debug|Any CPU
		{93D48C4A-C7D4-4CF7-922C-87CC1BC6C888}.Debug|x64.ActiveCfg = Debug|Any CPU
		{93D48C4A-C7D4-4CF7-922C-87CC1BC6C888}.Debug|x64.Build.0 = Debug|Any CPU
		{93D48C4A-C7D4-4CF7-922C-87CC1BC6C888}.Release|Any CPU.ActiveCfg = Release|Any CPU
		{93D48C4A-C7D4-4CF7-922C-87CC1BC6C888}.Release|Any CPU.Build.0 = Release|Any CPU
		{93D48C4A-C7D4-4CF7-922C-87CC1BC6C888}.Release|x64.ActiveCfg = Release|Any CPU
		{93D48C4A-C7D4-4CF7-922C-87CC1BC6C888}.Release|x64.Build.0 = Release|Any CPU
		{C2BDC1F4-F58D-4BE1-A480-023C326835B4}.Debug|Any CPU.ActiveCfg = Debug|Any CPU
		{C2BDC1F4-F58D-4BE1-A480-023C326835B4}.Debug|Any CPU.Build.0 = Debug|Any CPU
		{C2BDC1F4-F58D-4BE1-A480-023C326835B4}.Debug|x64.ActiveCfg = Debug|Any CPU
		{C2BDC1F4-F58D-4BE1-A480-023C326835B4}.Debug|x64.Build.0 = Debug|Any CPU
		{C2BDC1F4-F58D-4BE1-A480-023C326835B4}.Release|Any CPU.ActiveCfg = Release|Any CPU
		{C2BDC1F4-F58D-4BE1-A480-023C326835B4}.Release|Any CPU.Build.0 = Release|Any CPU
		{C2BDC1F4-F58D-4BE1-A480-023C326835B4}.Release|x64.ActiveCfg = Release|Any CPU
		{C2BDC1F4-F58D-4BE1-A480-023C326835B4}.Release|x64.Build.0 = Release|Any CPU
		{C9D91B5E-1488-401F-978C-0AD23297AA6B}.Debug|Any CPU.ActiveCfg = Debug|Any CPU
		{C9D91B5E-1488-401F-978C-0AD23297AA6B}.Debug|Any CPU.Build.0 = Debug|Any CPU
		{C9D91B5E-1488-401F-978C-0AD23297AA6B}.Debug|x64.ActiveCfg = Debug|Any CPU
		{C9D91B5E-1488-401F-978C-0AD23297AA6B}.Debug|x64.Build.0 = Debug|Any CPU
		{C9D91B5E-1488-401F-978C-0AD23297AA6B}.Release|Any CPU.ActiveCfg = Release|Any CPU
		{C9D91B5E-1488-401F-978C-0AD23297AA6B}.Release|Any CPU.Build.0 = Release|Any CPU
		{C9D91B5E-1488-401F-978C-0AD23297AA6B}.Release|x64.ActiveCfg = Release|Any CPU
		{C9D91B5E-1488-401F-978C-0AD23297AA6B}.Release|x64.Build.0 = Release|Any CPU
		{C670BD7E-4CBC-4885-A473-627DA64D40C3}.Debug|Any CPU.ActiveCfg = Debug|Any CPU
		{C670BD7E-4CBC-4885-A473-627DA64D40C3}.Debug|Any CPU.Build.0 = Debug|Any CPU
		{C670BD7E-4CBC-4885-A473-627DA64D40C3}.Debug|x64.ActiveCfg = Debug|Any CPU
		{C670BD7E-4CBC-4885-A473-627DA64D40C3}.Debug|x64.Build.0 = Debug|Any CPU
		{C670BD7E-4CBC-4885-A473-627DA64D40C3}.Release|Any CPU.ActiveCfg = Release|Any CPU
		{C670BD7E-4CBC-4885-A473-627DA64D40C3}.Release|Any CPU.Build.0 = Release|Any CPU
		{C670BD7E-4CBC-4885-A473-627DA64D40C3}.Release|x64.ActiveCfg = Release|Any CPU
		{C670BD7E-4CBC-4885-A473-627DA64D40C3}.Release|x64.Build.0 = Release|Any CPU
		{7075A31C-9C00-46E8-A642-8F67E7E8C308}.Debug|Any CPU.ActiveCfg = Debug|Any CPU
		{7075A31C-9C00-46E8-A642-8F67E7E8C308}.Debug|Any CPU.Build.0 = Debug|Any CPU
		{7075A31C-9C00-46E8-A642-8F67E7E8C308}.Debug|x64.ActiveCfg = Debug|Any CPU
		{7075A31C-9C00-46E8-A642-8F67E7E8C308}.Debug|x64.Build.0 = Debug|Any CPU
		{7075A31C-9C00-46E8-A642-8F67E7E8C308}.Release|Any CPU.ActiveCfg = Release|Any CPU
		{7075A31C-9C00-46E8-A642-8F67E7E8C308}.Release|Any CPU.Build.0 = Release|Any CPU
		{7075A31C-9C00-46E8-A642-8F67E7E8C308}.Release|x64.ActiveCfg = Release|Any CPU
		{7075A31C-9C00-46E8-A642-8F67E7E8C308}.Release|x64.Build.0 = Release|Any CPU
		{D4FBA503-C0FB-4340-B058-2E182653BD7D}.Debug|Any CPU.ActiveCfg = Debug|Any CPU
		{D4FBA503-C0FB-4340-B058-2E182653BD7D}.Debug|Any CPU.Build.0 = Debug|Any CPU
		{D4FBA503-C0FB-4340-B058-2E182653BD7D}.Debug|x64.ActiveCfg = Debug|Any CPU
		{D4FBA503-C0FB-4340-B058-2E182653BD7D}.Debug|x64.Build.0 = Debug|Any CPU
		{D4FBA503-C0FB-4340-B058-2E182653BD7D}.Release|Any CPU.ActiveCfg = Release|Any CPU
		{D4FBA503-C0FB-4340-B058-2E182653BD7D}.Release|Any CPU.Build.0 = Release|Any CPU
		{D4FBA503-C0FB-4340-B058-2E182653BD7D}.Release|x64.ActiveCfg = Release|Any CPU
		{D4FBA503-C0FB-4340-B058-2E182653BD7D}.Release|x64.Build.0 = Release|Any CPU
		{B9D85505-2E44-471A-A02E-860AA76D25E6}.Debug|Any CPU.ActiveCfg = Debug|Any CPU
		{B9D85505-2E44-471A-A02E-860AA76D25E6}.Debug|Any CPU.Build.0 = Debug|Any CPU
		{B9D85505-2E44-471A-A02E-860AA76D25E6}.Debug|x64.ActiveCfg = Debug|Any CPU
		{B9D85505-2E44-471A-A02E-860AA76D25E6}.Debug|x64.Build.0 = Debug|Any CPU
		{B9D85505-2E44-471A-A02E-860AA76D25E6}.Release|Any CPU.ActiveCfg = Release|Any CPU
		{B9D85505-2E44-471A-A02E-860AA76D25E6}.Release|Any CPU.Build.0 = Release|Any CPU
		{B9D85505-2E44-471A-A02E-860AA76D25E6}.Release|x64.ActiveCfg = Release|Any CPU
		{B9D85505-2E44-471A-A02E-860AA76D25E6}.Release|x64.Build.0 = Release|Any CPU
		{9F1E54F6-E703-4870-AFCF-E805FA0E0A30}.Debug|Any CPU.ActiveCfg = Debug|Any CPU
		{9F1E54F6-E703-4870-AFCF-E805FA0E0A30}.Debug|Any CPU.Build.0 = Debug|Any CPU
		{9F1E54F6-E703-4870-AFCF-E805FA0E0A30}.Debug|x64.ActiveCfg = Debug|Any CPU
		{9F1E54F6-E703-4870-AFCF-E805FA0E0A30}.Debug|x64.Build.0 = Debug|Any CPU
		{9F1E54F6-E703-4870-AFCF-E805FA0E0A30}.Release|Any CPU.ActiveCfg = Release|Any CPU
		{9F1E54F6-E703-4870-AFCF-E805FA0E0A30}.Release|Any CPU.Build.0 = Release|Any CPU
		{9F1E54F6-E703-4870-AFCF-E805FA0E0A30}.Release|x64.ActiveCfg = Release|Any CPU
		{9F1E54F6-E703-4870-AFCF-E805FA0E0A30}.Release|x64.Build.0 = Release|Any CPU
	EndGlobalSection
	GlobalSection(SolutionProperties) = preSolution
		HideSolutionNode = FALSE
	EndGlobalSection
	GlobalSection(NestedProjects) = preSolution
		{C2BDC1F4-F58D-4BE1-A480-023C326835B4} = {F035A3F3-6C86-4E82-9D87-9A73ADE8AF2B}
		{C9D91B5E-1488-401F-978C-0AD23297AA6B} = {F035A3F3-6C86-4E82-9D87-9A73ADE8AF2B}
		{7075A31C-9C00-46E8-A642-8F67E7E8C308} = {F035A3F3-6C86-4E82-9D87-9A73ADE8AF2B}
		{5708790C-08F1-44A9-A9EC-14EF4D53829F} = {F035A3F3-6C86-4E82-9D87-9A73ADE8AF2B}
		{B9D85505-2E44-471A-A02E-860AA76D25E6} = {5708790C-08F1-44A9-A9EC-14EF4D53829F}
		{9F1E54F6-E703-4870-AFCF-E805FA0E0A30} = {5708790C-08F1-44A9-A9EC-14EF4D53829F}
	EndGlobalSection
	GlobalSection(ExtensibilityGlobals) = postSolution
		SolutionGuid = {F0986D2C-AF40-4FE3-9E81-F684D3F5F2D5}
	EndGlobalSection
EndGlobal
